
Microsoft Visual Studio Solution File, Format Version 12.00
# Visual Studio 15
VisualStudioVersion = 15.0.28307.572
MinimumVisualStudioVersion = 10.0.40219.1
Project("{FAE04EC0-301F-11D3-BF4B-00C04F79EFBC}") = "DataFederationExample", "DataFederationExample\DataFederationExample.csproj", "{68A2242B-5DF5-41A0-9DEB-6F6FE42041C3}"
EndProject
Global
	GlobalSection(SolutionConfigurationPlatforms) = preSolution
		Debug|Any CPU = Debug|Any CPU
		Release|Any CPU = Release|Any CPU
	EndGlobalSection
	GlobalSection(ProjectConfigurationPlatforms) = postSolution
		{68A2242B-5DF5-41A0-9DEB-6F6FE42041C3}.Debug|Any CPU.ActiveCfg = Debug|Any CPU
		{68A2242B-5DF5-41A0-9DEB-6F6FE42041C3}.Debug|Any CPU.Build.0 = Debug|Any CPU
		{68A2242B-5DF5-41A0-9DEB-6F6FE42041C3}.Release|Any CPU.ActiveCfg = Release|Any CPU
		{68A2242B-5DF5-41A0-9DEB-6F6FE42041C3}.Release|Any CPU.Build.0 = Release|Any CPU
	EndGlobalSection
	GlobalSection(SolutionProperties) = preSolution
		HideSolutionNode = FALSE
	EndGlobalSection
	GlobalSection(ExtensibilityGlobals) = postSolution
		SolutionGuid = {7271DB21-A7DB-486C-8826-15F04A89052A}
	EndGlobalSection
EndGlobal
